
Microsoft Visual Studio Solution File, Format Version 12.00
# Visual Studio 15
VisualStudioVersion = 15.0.28307.421
MinimumVisualStudioVersion = 10.0.40219.1
Project("{FAE04EC0-301F-11D3-BF4B-00C04F79EFBC}") = "app.Android", "app\app.Android\app.Android.csproj", "{06E93ACB-52B5-4243-BA81-9D2A26E4A555}"
EndProject
Project("{FAE04EC0-301F-11D3-BF4B-00C04F79EFBC}") = "app.iOS", "app\app.iOS\app.iOS.csproj", "{8BF57295-4BB1-48F5-BAEA-4E961E3D4E2B}"
EndProject
Project("{FAE04EC0-301F-11D3-BF4B-00C04F79EFBC}") = "app", "app\app\app.csproj", "{2C0A58AB-9C83-479A-94C9-749145312849}"
EndProject
Global
	GlobalSection(SolutionConfigurationPlatforms) = preSolution
		Ad-Hoc|Any CPU = Ad-Hoc|Any CPU
		Ad-Hoc|iPhone = Ad-Hoc|iPhone
		Ad-Hoc|iPhoneSimulator = Ad-Hoc|iPhoneSimulator
		AppStore|Any CPU = AppStore|Any CPU
		AppStore|iPhone = AppStore|iPhone
		AppStore|iPhoneSimulator = AppStore|iPhoneSimulator
		Debug|Any CPU = Debug|Any CPU
		Debug|iPhone = Debug|iPhone
		Debug|iPhoneSimulator = Debug|iPhoneSimulator
		Release|Any CPU = Release|Any CPU
		Release|iPhone = Release|iPhone
		Release|iPhoneSimulator = Release|iPhoneSimulator
	EndGlobalSection
	GlobalSection(ProjectConfigurationPlatforms) = postSolution
		{06E93ACB-52B5-4243-BA81-9D2A26E4A555}.Ad-Hoc|Any CPU.ActiveCfg = Release|Any CPU
		{06E93ACB-52B5-4243-BA81-9D2A26E4A555}.Ad-Hoc|Any CPU.Build.0 = Release|Any CPU
		{06E93ACB-52B5-4243-BA81-9D2A26E4A555}.Ad-Hoc|Any CPU.Deploy.0 = Release|Any CPU
		{06E93ACB-52B5-4243-BA81-9D2A26E4A555}.Ad-Hoc|iPhone.ActiveCfg = Release|Any CPU
		{06E93ACB-52B5-4243-BA81-9D2A26E4A555}.Ad-Hoc|iPhone.Build.0 = Release|Any CPU
		{06E93ACB-52B5-4243-BA81-9D2A26E4A555}.Ad-Hoc|iPhone.Deploy.0 = Release|Any CPU
		{06E93ACB-52B5-4243-BA81-9D2A26E4A555}.Ad-Hoc|iPhoneSimulator.ActiveCfg = Release|Any CPU
		{06E93ACB-52B5-4243-BA81-9D2A26E4A555}.Ad-Hoc|iPhoneSimulator.Build.0 = Release|Any CPU
		{06E93ACB-52B5-4243-BA81-9D2A26E4A555}.Ad-Hoc|iPhoneSimulator.Deploy.0 = Release|Any CPU
		{06E93ACB-52B5-4243-BA81-9D2A26E4A555}.AppStore|Any CPU.ActiveCfg = Release|Any CPU
		{06E93ACB-52B5-4243-BA81-9D2A26E4A555}.AppStore|Any CPU.Build.0 = Release|Any CPU
		{06E93ACB-52B5-4243-BA81-9D2A26E4A555}.AppStore|Any CPU.Deploy.0 = Release|Any CPU
		{06E93ACB-52B5-4243-BA81-9D2A26E4A555}.AppStore|iPhone.ActiveCfg = Release|Any CPU
		{06E93ACB-52B5-4243-BA81-9D2A26E4A555}.AppStore|iPhone.Build.0 = Release|Any CPU
		{06E93ACB-52B5-4243-BA81-9D2A26E4A555}.AppStore|iPhone.Deploy.0 = Release|Any CPU
		{06E93ACB-52B5-4243-BA81-9D2A26E4A555}.AppStore|iPhoneSimulator.ActiveCfg = Release|Any CPU
		{06E93ACB-52B5-4243-BA81-9D2A26E4A555}.AppStore|iPhoneSimulator.Build.0 = Release|Any CPU
		{06E93ACB-52B5-4243-BA81-9D2A26E4A555}.AppStore|iPhoneSimulator.Deploy.0 = Release|Any CPU
		{06E93ACB-52B5-4243-BA81-9D2A26E4A555}.Debug|Any CPU.ActiveCfg = Debug|Any CPU
		{06E93ACB-52B5-4243-BA81-9D2A26E4A555}.Debug|Any CPU.Build.0 = Debug|Any CPU
		{06E93ACB-52B5-4243-BA81-9D2A26E4A555}.Debug|Any CPU.Deploy.0 = Debug|Any CPU
		{06E93ACB-52B5-4243-BA81-9D2A26E4A555}.Debug|iPhone.ActiveCfg = Debug|Any CPU
		{06E93ACB-52B5-4243-BA81-9D2A26E4A555}.Debug|iPhone.Build.0 = Debug|Any CPU
		{06E93ACB-52B5-4243-BA81-9D2A26E4A555}.Debug|iPhone.Deploy.0 = Debug|Any CPU
		{06E93ACB-52B5-4243-BA81-9D2A26E4A555}.Debug|iPhoneSimulator.ActiveCfg = Debug|Any CPU
		{06E93ACB-52B5-4243-BA81-9D2A26E4A555}.Debug|iPhoneSimulator.Build.0 = Debug|Any CPU
		{06E93ACB-52B5-4243-BA81-9D2A26E4A555}.Debug|iPhoneSimulator.Deploy.0 = Debug|Any CPU
		{06E93ACB-52B5-4243-BA81-9D2A26E4A555}.Release|Any CPU.ActiveCfg = Release|Any CPU
		{06E93ACB-52B5-4243-BA81-9D2A26E4A555}.Release|Any CPU.Build.0 = Release|Any CPU
		{06E93ACB-52B5-4243-BA81-9D2A26E4A555}.Release|Any CPU.Deploy.0 = Release|Any CPU
		{06E93ACB-52B5-4243-BA81-9D2A26E4A555}.Release|iPhone.ActiveCfg = Release|Any CPU
		{06E93ACB-52B5-4243-BA81-9D2A26E4A555}.Release|iPhone.Build.0 = Release|Any CPU
		{06E93ACB-52B5-4243-BA81-9D2A26E4A555}.Release|iPhone.Deploy.0 = Release|Any CPU
		{06E93ACB-52B5-4243-BA81-9D2A26E4A555}.Release|iPhoneSimulator.ActiveCfg = Release|Any CPU
		{06E93ACB-52B5-4243-BA81-9D2A26E4A555}.Release|iPhoneSimulator.Build.0 = Release|Any CPU
		{06E93ACB-52B5-4243-BA81-9D2A26E4A555}.Release|iPhoneSimulator.Deploy.0 = Release|Any CPU
		{8BF57295-4BB1-48F5-BAEA-4E961E3D4E2B}.Ad-Hoc|Any CPU.ActiveCfg = Ad-Hoc|iPhone
		{8BF57295-4BB1-48F5-BAEA-4E961E3D4E2B}.Ad-Hoc|Any CPU.Build.0 = Ad-Hoc|iPhone
		{8BF57295-4BB1-48F5-BAEA-4E961E3D4E2B}.Ad-Hoc|Any CPU.Deploy.0 = Ad-Hoc|iPhone
		{8BF57295-4BB1-48F5-BAEA-4E961E3D4E2B}.Ad-Hoc|iPhone.ActiveCfg = Ad-Hoc|iPhone
		{8BF57295-4BB1-48F5-BAEA-4E961E3D4E2B}.Ad-Hoc|iPhone.Build.0 = Ad-Hoc|iPhone
		{8BF57295-4BB1-48F5-BAEA-4E961E3D4E2B}.Ad-Hoc|iPhone.Deploy.0 = Ad-Hoc|iPhone
		{8BF57295-4BB1-48F5-BAEA-4E961E3D4E2B}.Ad-Hoc|iPhoneSimulator.ActiveCfg = Ad-Hoc|iPhoneSimulator
		{8BF57295-4BB1-48F5-BAEA-4E961E3D4E2B}.Ad-Hoc|iPhoneSimulator.Build.0 = Ad-Hoc|iPhoneSimulator
		{8BF57295-4BB1-48F5-BAEA-4E961E3D4E2B}.Ad-Hoc|iPhoneSimulator.Deploy.0 = Ad-Hoc|iPhoneSimulator
		{8BF57295-4BB1-48F5-BAEA-4E961E3D4E2B}.AppStore|Any CPU.ActiveCfg = AppStore|iPhone
		{8BF57295-4BB1-48F5-BAEA-4E961E3D4E2B}.AppStore|Any CPU.Build.0 = AppStore|iPhone
		{8BF57295-4BB1-48F5-BAEA-4E961E3D4E2B}.AppStore|Any CPU.Deploy.0 = AppStore|iPhone
		{8BF57295-4BB1-48F5-BAEA-4E961E3D4E2B}.AppStore|iPhone.ActiveCfg = AppStore|iPhone
		{8BF57295-4BB1-48F5-BAEA-4E961E3D4E2B}.AppStore|iPhone.Build.0 = AppStore|iPhone
		{8BF57295-4BB1-48F5-BAEA-4E961E3D4E2B}.AppStore|iPhone.Deploy.0 = AppStore|iPhone
		{8BF57295-4BB1-48F5-BAEA-4E961E3D4E2B}.AppStore|iPhoneSimulator.ActiveCfg = AppStore|iPhoneSimulator
		{8BF57295-4BB1-48F5-BAEA-4E961E3D4E2B}.AppStore|iPhoneSimulator.Build.0 = AppStore|iPhoneSimulator
		{8BF57295-4BB1-48F5-BAEA-4E961E3D4E2B}.AppStore|iPhoneSimulator.Deploy.0 = AppStore|iPhoneSimulator
		{8BF57295-4BB1-48F5-BAEA-4E961E3D4E2B}.Debug|Any CPU.ActiveCfg = Debug|iPhoneSimulator
		{8BF57295-4BB1-48F5-BAEA-4E961E3D4E2B}.Debug|Any CPU.Build.0 = Debug|iPhoneSimulator
		{8BF57295-4BB1-48F5-BAEA-4E961E3D4E2B}.Debug|Any CPU.Deploy.0 = Debug|iPhoneSimulator
		{8BF57295-4BB1-48F5-BAEA-4E961E3D4E2B}.Debug|iPhone.ActiveCfg = Debug|iPhone
		{8BF57295-4BB1-48F5-BAEA-4E961E3D4E2B}.Debug|iPhone.Build.0 = Debug|iPhone
		{8BF57295-4BB1-48F5-BAEA-4E961E3D4E2B}.Debug|iPhone.Deploy.0 = Debug|iPhone
		{8BF57295-4BB1-48F5-BAEA-4E961E3D4E2B}.Debug|iPhoneSimulator.ActiveCfg = Debug|iPhoneSimulator
		{8BF57295-4BB1-48F5-BAEA-4E961E3D4E2B}.Debug|iPhoneSimulator.Build.0 = Debug|iPhoneSimulator
		{8BF57295-4BB1-48F5-BAEA-4E961E3D4E2B}.Debug|iPhoneSimulator.Deploy.0 = Debug|iPhoneSimulator
		{8BF57295-4BB1-48F5-BAEA-4E961E3D4E2B}.Release|Any CPU.ActiveCfg = Release|iPhone
		{8BF57295-4BB1-48F5-BAEA-4E961E3D4E2B}.Release|Any CPU.Build.0 = Release|iPhone
		{8BF57295-4BB1-48F5-BAEA-4E961E3D4E2B}.Release|Any CPU.Deploy.0 = Release|iPhone
		{8BF57295-4BB1-48F5-BAEA-4E961E3D4E2B}.Release|iPhone.ActiveCfg = Release|iPhone
		{8BF57295-4BB1-48F5-BAEA-4E961E3D4E2B}.Release|iPhone.Build.0 = Release|iPhone
		{8BF57295-4BB1-48F5-BAEA-4E961E3D4E2B}.Release|iPhone.Deploy.0 = Release|iPhone
		{8BF57295-4BB1-48F5-BAEA-4E961E3D4E2B}.Release|iPhoneSimulator.ActiveCfg = Release|iPhoneSimulator
		{8BF57295-4BB1-48F5-BAEA-4E961E3D4E2B}.Release|iPhoneSimulator.Build.0 = Release|iPhoneSimulator
		{8BF57295-4BB1-48F5-BAEA-4E961E3D4E2B}.Release|iPhoneSimulator.Deploy.0 = Release|iPhoneSimulator
		{2C0A58AB-9C83-479A-94C9-749145312849}.Ad-Hoc|Any CPU.ActiveCfg = Debug|Any CPU
		{2C0A58AB-9C83-479A-94C9-749145312849}.Ad-Hoc|Any CPU.Build.0 = Debug|Any CPU
		{2C0A58AB-9C83-479A-94C9-749145312849}.Ad-Hoc|Any CPU.Deploy.0 = Debug|Any CPU
		{2C0A58AB-9C83-479A-94C9-749145312849}.Ad-Hoc|iPhone.ActiveCfg = Debug|Any CPU
		{2C0A58AB-9C83-479A-94C9-749145312849}.Ad-Hoc|iPhone.Build.0 = Debug|Any CPU
		{2C0A58AB-9C83-479A-94C9-749145312849}.Ad-Hoc|iPhone.Deploy.0 = Debug|Any CPU
		{2C0A58AB-9C83-479A-94C9-749145312849}.Ad-Hoc|iPhoneSimulator.ActiveCfg = Debug|Any CPU
		{2C0A58AB-9C83-479A-94C9-749145312849}.Ad-Hoc|iPhoneSimulator.Build.0 = Debug|Any CPU
		{2C0A58AB-9C83-479A-94C9-749145312849}.Ad-Hoc|iPhoneSimulator.Deploy.0 = Debug|Any CPU
		{2C0A58AB-9C83-479A-94C9-749145312849}.AppStore|Any CPU.ActiveCfg = Debug|Any CPU
		{2C0A58AB-9C83-479A-94C9-749145312849}.AppStore|Any CPU.Build.0 = Debug|Any CPU
		{2C0A58AB-9C83-479A-94C9-749145312849}.AppStore|Any CPU.Deploy.0 = Debug|Any CPU
		{2C0A58AB-9C83-479A-94C9-749145312849}.AppStore|iPhone.ActiveCfg = Debug|Any CPU
		{2C0A58AB-9C83-479A-94C9-749145312849}.AppStore|iPhone.Build.0 = Debug|Any CPU
		{2C0A58AB-9C83-479A-94C9-749145312849}.AppStore|iPhone.Deploy.0 = Debug|Any CPU
		{2C0A58AB-9C83-479A-94C9-749145312849}.AppStore|iPhoneSimulator.ActiveCfg = Debug|Any CPU
		{2C0A58AB-9C83-479A-94C9-749145312849}.AppStore|iPhoneSimulator.Build.0 = Debug|Any CPU
		{2C0A58AB-9C83-479A-94C9-749145312849}.AppStore|iPhoneSimulator.Deploy.0 = Debug|Any CPU
		{2C0A58AB-9C83-479A-94C9-749145312849}.Debug|Any CPU.ActiveCfg = Debug|Any CPU
		{2C0A58AB-9C83-479A-94C9-749145312849}.Debug|Any CPU.Build.0 = Debug|Any CPU
		{2C0A58AB-9C83-479A-94C9-749145312849}.Debug|Any CPU.Deploy.0 = Debug|Any CPU
		{2C0A58AB-9C83-479A-94C9-749145312849}.Debug|iPhone.ActiveCfg = Debug|Any CPU
		{2C0A58AB-9C83-479A-94C9-749145312849}.Debug|iPhone.Build.0 = Debug|Any CPU
		{2C0A58AB-9C83-479A-94C9-749145312849}.Debug|iPhone.Deploy.0 = Debug|Any CPU
		{2C0A58AB-9C83-479A-94C9-749145312849}.Debug|iPhoneSimulator.ActiveCfg = Debug|Any CPU
		{2C0A58AB-9C83-479A-94C9-749145312849}.Debug|iPhoneSimulator.Build.0 = Debug|Any CPU
		{2C0A58AB-9C83-479A-94C9-749145312849}.Debug|iPhoneSimulator.Deploy.0 = Debug|Any CPU
		{2C0A58AB-9C83-479A-94C9-749145312849}.Release|Any CPU.ActiveCfg = Release|Any CPU
		{2C0A58AB-9C83-479A-94C9-749145312849}.Release|Any CPU.Build.0 = Release|Any CPU
		{2C0A58AB-9C83-479A-94C9-749145312849}.Release|Any CPU.Deploy.0 = Release|Any CPU
		{2C0A58AB-9C83-479A-94C9-749145312849}.Release|iPhone.ActiveCfg = Release|Any CPU
		{2C0A58AB-9C83-479A-94C9-749145312849}.Release|iPhone.Build.0 = Release|Any CPU
		{2C0A58AB-9C83-479A-94C9-749145312849}.Release|iPhone.Deploy.0 = Release|Any CPU
		{2C0A58AB-9C83-479A-94C9-749145312849}.Release|iPhoneSimulator.ActiveCfg = Release|Any CPU
		{2C0A58AB-9C83-479A-94C9-749145312849}.Release|iPhoneSimulator.Build.0 = Release|Any CPU
		{2C0A58AB-9C83-479A-94C9-749145312849}.Release|iPhoneSimulator.Deploy.0 = Release|Any CPU
	EndGlobalSection
	GlobalSection(SolutionProperties) = preSolution
		HideSolutionNode = FALSE
	EndGlobalSection
	GlobalSection(ExtensibilityGlobals) = postSolution
		SolutionGuid = {FE8AF0A5-BCDF-47F0-834F-57B470683395}
	EndGlobalSection
EndGlobal
